
Microsoft Visual Studio Solution File, Format Version 12.00
# Visual Studio Version 17
VisualStudioVersion = 17.9.34607.119
MinimumVisualStudioVersion = 10.0.40219.1
Project("{FAE04EC0-301F-11D3-BF4B-00C04F79EFBC}") = "Exercise 2", "Exercise 2.csproj", "{660ED3CC-9774-4E1F-A247-EE177488D32C}"
EndProject
Global
	GlobalSection(SolutionConfigurationPlatforms) = preSolution
		Debug|Any CPU = Debug|Any CPU
		Release|Any CPU = Release|Any CPU
	EndGlobalSection
	GlobalSection(ProjectConfigurationPlatforms) = postSolution
		{660ED3CC-9774-4E1F-A247-EE177488D32C}.Debug|Any CPU.ActiveCfg = Debug|Any CPU
		{660ED3CC-9774-4E1F-A247-EE177488D32C}.Debug|Any CPU.Build.0 = Debug|Any CPU
		{660ED3CC-9774-4E1F-A247-EE177488D32C}.Release|Any CPU.ActiveCfg = Release|Any CPU
		{660ED3CC-9774-4E1F-A247-EE177488D32C}.Release|Any CPU.Build.0 = Release|Any CPU
	EndGlobalSection
	GlobalSection(SolutionProperties) = preSolution
		HideSolutionNode = FALSE
	EndGlobalSection
	GlobalSection(ExtensibilityGlobals) = postSolution
		SolutionGuid = {BA1B552E-ED71-4B13-AFAB-0CEEAD130462}
	EndGlobalSection
EndGlobal
