
Microsoft Visual Studio Solution File, Format Version 12.00
# Visual Studio Version 17
VisualStudioVersion = 17.9.34607.119
MinimumVisualStudioVersion = 10.0.40219.1
Project("{FAE04EC0-301F-11D3-BF4B-00C04F79EFBC}") = "Homework 1", "Homework 1.csproj", "{9B451DA9-72D1-4CE0-81F6-ABB976B0AB09}"
EndProject
Global
	GlobalSection(SolutionConfigurationPlatforms) = preSolution
		Debug|Any CPU = Debug|Any CPU
		Release|Any CPU = Release|Any CPU
	EndGlobalSection
	GlobalSection(ProjectConfigurationPlatforms) = postSolution
		{9B451DA9-72D1-4CE0-81F6-ABB976B0AB09}.Debug|Any CPU.ActiveCfg = Debug|Any CPU
		{9B451DA9-72D1-4CE0-81F6-ABB976B0AB09}.Debug|Any CPU.Build.0 = Debug|Any CPU
		{9B451DA9-72D1-4CE0-81F6-ABB976B0AB09}.Release|Any CPU.ActiveCfg = Release|Any CPU
		{9B451DA9-72D1-4CE0-81F6-ABB976B0AB09}.Release|Any CPU.Build.0 = Release|Any CPU
	EndGlobalSection
	GlobalSection(SolutionProperties) = preSolution
		HideSolutionNode = FALSE
	EndGlobalSection
	GlobalSection(ExtensibilityGlobals) = postSolution
		SolutionGuid = {E39D6E42-D115-4C82-82DC-E5874C91F98A}
	EndGlobalSection
EndGlobal
