
Microsoft Visual Studio Solution File, Format Version 12.00
# Visual Studio Version 17
VisualStudioVersion = 17.9.34701.34
MinimumVisualStudioVersion = 10.0.40219.1
Project("{FAE04EC0-301F-11D3-BF4B-00C04F79EFBC}") = "Academy Management app", "Academy Management app\Academy Management app.csproj", "{F7C548D4-D7C2-43DD-A468-BB1C7EAB170D}"
EndProject
Global
	GlobalSection(SolutionConfigurationPlatforms) = preSolution
		Debug|Any CPU = Debug|Any CPU
		Release|Any CPU = Release|Any CPU
	EndGlobalSection
	GlobalSection(ProjectConfigurationPlatforms) = postSolution
		{F7C548D4-D7C2-43DD-A468-BB1C7EAB170D}.Debug|Any CPU.ActiveCfg = Debug|Any CPU
		{F7C548D4-D7C2-43DD-A468-BB1C7EAB170D}.Debug|Any CPU.Build.0 = Debug|Any CPU
		{F7C548D4-D7C2-43DD-A468-BB1C7EAB170D}.Release|Any CPU.ActiveCfg = Release|Any CPU
		{F7C548D4-D7C2-43DD-A468-BB1C7EAB170D}.Release|Any CPU.Build.0 = Release|Any CPU
	EndGlobalSection
	GlobalSection(SolutionProperties) = preSolution
		HideSolutionNode = FALSE
	EndGlobalSection
	GlobalSection(ExtensibilityGlobals) = postSolution
		SolutionGuid = {BE778D90-9946-4E95-A8FD-7AE1980F606D}
	EndGlobalSection
EndGlobal
