
Microsoft Visual Studio Solution File, Format Version 12.00
# Visual Studio Version 17
VisualStudioVersion = 17.9.34607.119
MinimumVisualStudioVersion = 10.0.40219.1
Project("{FAE04EC0-301F-11D3-BF4B-00C04F79EFBC}") = "SumOfEven", "SumOfEven.csproj", "{949807E4-3CE0-4830-94CC-F04B3C58A878}"
EndProject
Global
	GlobalSection(SolutionConfigurationPlatforms) = preSolution
		Debug|Any CPU = Debug|Any CPU
		Release|Any CPU = Release|Any CPU
	EndGlobalSection
	GlobalSection(ProjectConfigurationPlatforms) = postSolution
		{949807E4-3CE0-4830-94CC-F04B3C58A878}.Debug|Any CPU.ActiveCfg = Debug|Any CPU
		{949807E4-3CE0-4830-94CC-F04B3C58A878}.Debug|Any CPU.Build.0 = Debug|Any CPU
		{949807E4-3CE0-4830-94CC-F04B3C58A878}.Release|Any CPU.ActiveCfg = Release|Any CPU
		{949807E4-3CE0-4830-94CC-F04B3C58A878}.Release|Any CPU.Build.0 = Release|Any CPU
	EndGlobalSection
	GlobalSection(SolutionProperties) = preSolution
		HideSolutionNode = FALSE
	EndGlobalSection
	GlobalSection(ExtensibilityGlobals) = postSolution
		SolutionGuid = {0FEFF7F7-E9C1-4EE4-BCDA-D323327D0AE6}
	EndGlobalSection
EndGlobal
