
Microsoft Visual Studio Solution File, Format Version 12.00
# Visual Studio Version 17
VisualStudioVersion = 17.9.34607.119
MinimumVisualStudioVersion = 10.0.40219.1
Project("{FAE04EC0-301F-11D3-BF4B-00C04F79EFBC}") = "StudentGroup", "StudentGroup.csproj", "{524EE79B-8BDC-4C91-8871-A1D34E209961}"
EndProject
Global
	GlobalSection(SolutionConfigurationPlatforms) = preSolution
		Debug|Any CPU = Debug|Any CPU
		Release|Any CPU = Release|Any CPU
	EndGlobalSection
	GlobalSection(ProjectConfigurationPlatforms) = postSolution
		{524EE79B-8BDC-4C91-8871-A1D34E209961}.Debug|Any CPU.ActiveCfg = Debug|Any CPU
		{524EE79B-8BDC-4C91-8871-A1D34E209961}.Debug|Any CPU.Build.0 = Debug|Any CPU
		{524EE79B-8BDC-4C91-8871-A1D34E209961}.Release|Any CPU.ActiveCfg = Release|Any CPU
		{524EE79B-8BDC-4C91-8871-A1D34E209961}.Release|Any CPU.Build.0 = Release|Any CPU
	EndGlobalSection
	GlobalSection(SolutionProperties) = preSolution
		HideSolutionNode = FALSE
	EndGlobalSection
	GlobalSection(ExtensibilityGlobals) = postSolution
		SolutionGuid = {4D95CFEF-0E7F-4E55-9685-930E6D40E334}
	EndGlobalSection
EndGlobal
